
Microsoft Visual Studio Solution File, Format Version 12.00
# Visual Studio Version 17
VisualStudioVersion = 17.1.32210.238
MinimumVisualStudioVersion = 10.0.40219.1
Project("{9A19103F-16F7-4668-BE54-9A1E7A4F7556}") = "PriceTicker", "PriceTicker.csproj", "{72B934DA-02AA-414C-862A-12E9704C9C88}"
EndProject
Project("{54435603-DBB4-11D2-8724-00A0C9A8B90C}") = "PriceTickerInstaller", "..\PriceTickerInstaller\PriceTickerInstaller.vdproj", "{096AAFC3-9997-4A50-B4C2-446660B8B085}"
EndProject
Global
	GlobalSection(SolutionConfigurationPlatforms) = preSolution
		Debug|Any CPU = Debug|Any CPU
		Release|Any CPU = Release|Any CPU
	EndGlobalSection
	GlobalSection(ProjectConfigurationPlatforms) = postSolution
		{72B934DA-02AA-414C-862A-12E9704C9C88}.Debug|Any CPU.ActiveCfg = Debug|Any CPU
		{72B934DA-02AA-414C-862A-12E9704C9C88}.Debug|Any CPU.Build.0 = Debug|Any CPU
		{72B934DA-02AA-414C-862A-12E9704C9C88}.Release|Any CPU.ActiveCfg = Release|Any CPU
		{72B934DA-02AA-414C-862A-12E9704C9C88}.Release|Any CPU.Build.0 = Release|Any CPU
		{096AAFC3-9997-4A50-B4C2-446660B8B085}.Debug|Any CPU.ActiveCfg = Debug
		{096AAFC3-9997-4A50-B4C2-446660B8B085}.Release|Any CPU.ActiveCfg = Release
	EndGlobalSection
	GlobalSection(SolutionProperties) = preSolution
		HideSolutionNode = FALSE
	EndGlobalSection
	GlobalSection(ExtensibilityGlobals) = postSolution
		SolutionGuid = {2F25A6E0-1ED5-4F21-82E0-01B8C42DC7A4}
	EndGlobalSection
EndGlobal
